
Microsoft Visual Studio Solution File, Format Version 12.00
# Visual Studio 15
VisualStudioVersion = 15.0.28307.539
MinimumVisualStudioVersion = 10.0.40219.1
Project("{FAE04EC0-301F-11D3-BF4B-00C04F79EFBC}") = "WebApi", "WebApi\WebApi.csproj", "{99289E65-5693-4B0D-913B-3672857702CA}"
EndProject
Project("{FAE04EC0-301F-11D3-BF4B-00C04F79EFBC}") = "WebApi.Tests", "WebApi.Tests\WebApi.Tests.csproj", "{B68F7974-9597-406C-80DF-B930A8B423C2}"
EndProject
Project("{FAE04EC0-301F-11D3-BF4B-00C04F79EFBC}") = "WebApiHost", "WebApiHost\WebApiHost.csproj", "{A0559A94-D359-4D73-825A-9CA50EB05401}"
EndProject
Project("{FAE04EC0-301F-11D3-BF4B-00C04F79EFBC}") = "webapi2", "webapi2\webapi2.csproj", "{F4DBEECA-8DB7-4052-9D48-EE2D297DDC00}"
EndProject
Global
	GlobalSection(SolutionConfigurationPlatforms) = preSolution
		Debug|Any CPU = Debug|Any CPU
		Release|Any CPU = Release|Any CPU
	EndGlobalSection
	GlobalSection(ProjectConfigurationPlatforms) = postSolution
		{99289E65-5693-4B0D-913B-3672857702CA}.Debug|Any CPU.ActiveCfg = Debug|Any CPU
		{99289E65-5693-4B0D-913B-3672857702CA}.Debug|Any CPU.Build.0 = Debug|Any CPU
		{99289E65-5693-4B0D-913B-3672857702CA}.Release|Any CPU.ActiveCfg = Release|Any CPU
		{99289E65-5693-4B0D-913B-3672857702CA}.Release|Any CPU.Build.0 = Release|Any CPU
		{B68F7974-9597-406C-80DF-B930A8B423C2}.Debug|Any CPU.ActiveCfg = Debug|Any CPU
		{B68F7974-9597-406C-80DF-B930A8B423C2}.Debug|Any CPU.Build.0 = Debug|Any CPU
		{B68F7974-9597-406C-80DF-B930A8B423C2}.Release|Any CPU.ActiveCfg = Release|Any CPU
		{B68F7974-9597-406C-80DF-B930A8B423C2}.Release|Any CPU.Build.0 = Release|Any CPU
		{A0559A94-D359-4D73-825A-9CA50EB05401}.Debug|Any CPU.ActiveCfg = Debug|Any CPU
		{A0559A94-D359-4D73-825A-9CA50EB05401}.Debug|Any CPU.Build.0 = Debug|Any CPU
		{A0559A94-D359-4D73-825A-9CA50EB05401}.Release|Any CPU.ActiveCfg = Release|Any CPU
		{A0559A94-D359-4D73-825A-9CA50EB05401}.Release|Any CPU.Build.0 = Release|Any CPU
		{F4DBEECA-8DB7-4052-9D48-EE2D297DDC00}.Debug|Any CPU.ActiveCfg = Debug|Any CPU
		{F4DBEECA-8DB7-4052-9D48-EE2D297DDC00}.Debug|Any CPU.Build.0 = Debug|Any CPU
		{F4DBEECA-8DB7-4052-9D48-EE2D297DDC00}.Release|Any CPU.ActiveCfg = Release|Any CPU
		{F4DBEECA-8DB7-4052-9D48-EE2D297DDC00}.Release|Any CPU.Build.0 = Release|Any CPU
	EndGlobalSection
	GlobalSection(SolutionProperties) = preSolution
		HideSolutionNode = FALSE
	EndGlobalSection
	GlobalSection(ExtensibilityGlobals) = postSolution
		SolutionGuid = {D9A60B84-56E8-4FAC-8484-5AAC5CCEABBF}
	EndGlobalSection
EndGlobal
